
Microsoft Visual Studio Solution File, Format Version 12.00
# Visual Studio 2013
VisualStudioVersion = 12.0.40629.0
MinimumVisualStudioVersion = 10.0.40219.1
Project("{FAE04EC0-301F-11D3-BF4B-00C04F79EFBC}") = "FarejadorModel", "..\farejador022017\FarejadorModel\FarejadorModel.csproj", "{45097208-7A1B-42D5-BCAC-D45A0DD75441}"
EndProject
Project("{FAE04EC0-301F-11D3-BF4B-00C04F79EFBC}") = "FarejadorPrincipal", "..\farejador022017\FarejadorPrincipal\FarejadorPrincipal.csproj", "{715E8FEC-FAAF-485C-8F75-61966B2E3942}"
EndProject
Global
	GlobalSection(SolutionConfigurationPlatforms) = preSolution
		Debug|Any CPU = Debug|Any CPU
		Debug|Mixed Platforms = Debug|Mixed Platforms
		Debug|x86 = Debug|x86
		Release|Any CPU = Release|Any CPU
		Release|Mixed Platforms = Release|Mixed Platforms
		Release|x86 = Release|x86
	EndGlobalSection
	GlobalSection(ProjectConfigurationPlatforms) = postSolution
		{45097208-7A1B-42D5-BCAC-D45A0DD75441}.Debug|Any CPU.ActiveCfg = Debug|Any CPU
		{45097208-7A1B-42D5-BCAC-D45A0DD75441}.Debug|Any CPU.Build.0 = Debug|Any CPU
		{45097208-7A1B-42D5-BCAC-D45A0DD75441}.Debug|Mixed Platforms.ActiveCfg = Debug|Any CPU
		{45097208-7A1B-42D5-BCAC-D45A0DD75441}.Debug|Mixed Platforms.Build.0 = Debug|Any CPU
		{45097208-7A1B-42D5-BCAC-D45A0DD75441}.Debug|x86.ActiveCfg = Debug|Any CPU
		{45097208-7A1B-42D5-BCAC-D45A0DD75441}.Release|Any CPU.ActiveCfg = Release|Any CPU
		{45097208-7A1B-42D5-BCAC-D45A0DD75441}.Release|Any CPU.Build.0 = Release|Any CPU
		{45097208-7A1B-42D5-BCAC-D45A0DD75441}.Release|Mixed Platforms.ActiveCfg = Release|Any CPU
		{45097208-7A1B-42D5-BCAC-D45A0DD75441}.Release|Mixed Platforms.Build.0 = Release|Any CPU
		{45097208-7A1B-42D5-BCAC-D45A0DD75441}.Release|x86.ActiveCfg = Release|Any CPU
		{715E8FEC-FAAF-485C-8F75-61966B2E3942}.Debug|Any CPU.ActiveCfg = Debug|x86
		{715E8FEC-FAAF-485C-8F75-61966B2E3942}.Debug|Mixed Platforms.ActiveCfg = Debug|x86
		{715E8FEC-FAAF-485C-8F75-61966B2E3942}.Debug|Mixed Platforms.Build.0 = Debug|x86
		{715E8FEC-FAAF-485C-8F75-61966B2E3942}.Debug|x86.ActiveCfg = Debug|x86
		{715E8FEC-FAAF-485C-8F75-61966B2E3942}.Debug|x86.Build.0 = Debug|x86
		{715E8FEC-FAAF-485C-8F75-61966B2E3942}.Release|Any CPU.ActiveCfg = Release|x86
		{715E8FEC-FAAF-485C-8F75-61966B2E3942}.Release|Mixed Platforms.ActiveCfg = Release|x86
		{715E8FEC-FAAF-485C-8F75-61966B2E3942}.Release|Mixed Platforms.Build.0 = Release|x86
		{715E8FEC-FAAF-485C-8F75-61966B2E3942}.Release|x86.ActiveCfg = Release|x86
		{715E8FEC-FAAF-485C-8F75-61966B2E3942}.Release|x86.Build.0 = Release|x86
	EndGlobalSection
	GlobalSection(SolutionProperties) = preSolution
		HideSolutionNode = FALSE
	EndGlobalSection
EndGlobal
